
Microsoft Visual Studio Solution File, Format Version 12.00
# Visual Studio Version 16
VisualStudioVersion = 16.0.32802.440
MinimumVisualStudioVersion = 10.0.40219.1
Project("{2150E333-8FDC-42A3-9474-1A3956D46DE8}") = "01 - Presentation", "01 - Presentation", "{2816FFFC-612F-4D25-93EA-1B13D25FD5F0}"
EndProject
Project("{2150E333-8FDC-42A3-9474-1A3956D46DE8}") = "02 - Domain", "02 - Domain", "{F94EF2E8-47B3-4897-B043-78E4B19369D6}"
EndProject
Project("{2150E333-8FDC-42A3-9474-1A3956D46DE8}") = "03 - Infrastructure", "03 - Infrastructure", "{98DFE6E6-F87C-427B-A350-FB51D37A53F5}"
EndProject
Project("{2150E333-8FDC-42A3-9474-1A3956D46DE8}") = "04 - CrossCutting", "04 - CrossCutting", "{44482DFB-B832-45AE-AFC9-7AAD7AC44B00}"
EndProject
Project("{2150E333-8FDC-42A3-9474-1A3956D46DE8}") = "05 - Tests", "05 - Tests", "{13603ED5-44C8-427C-ADF7-589759B4CB53}"
EndProject
Project("{FAE04EC0-301F-11D3-BF4B-00C04F79EFBC}") = "OuterWorlds.Api", "Api\OuterWorlds.Api.csproj", "{1F983F1E-B749-4A3E-B950-76152254DB83}"
EndProject
Project("{FAE04EC0-301F-11D3-BF4B-00C04F79EFBC}") = "OuterWorlds.Domain", "Domain\OuterWorlds.Domain.csproj", "{FE1379FA-2823-417F-AD73-81F30E48D2FD}"
EndProject
Project("{FAE04EC0-301F-11D3-BF4B-00C04F79EFBC}") = "OuterWorlds.Infrastructure.Data.Query", "Query\OuterWorlds.Infrastructure.Data.Query.csproj", "{F51E59ED-F563-48ED-83C6-6DD02A001514}"
EndProject
Project("{FAE04EC0-301F-11D3-BF4B-00C04F79EFBC}") = "OuterWorlds.Infrastructure.Service", "Service\OuterWorlds.Infrastructure.Service.csproj", "{70EE6CC0-4C64-46D0-96D1-3D8646C5A6DD}"
EndProject
Project("{FAE04EC0-301F-11D3-BF4B-00C04F79EFBC}") = "OuterWorlds.CrossCutting.Configuration", "Configuration\OuterWorlds.CrossCutting.Configuration.csproj", "{B0D68915-5790-4500-BFFF-228B55EE8AAE}"
EndProject
Project("{FAE04EC0-301F-11D3-BF4B-00C04F79EFBC}") = "OuterWorlds.CrossCutting.Exceptions", "Exceptions\OuterWorlds.CrossCutting.Exceptions.csproj", "{50E0D438-F479-4FE9-9B0C-603228823D92}"
EndProject
Project("{FAE04EC0-301F-11D3-BF4B-00C04F79EFBC}") = "OuterWorlds.Infrastructure.Data.Query.Tests", "Query.Tests\OuterWorlds.Infrastructure.Data.Query.Tests.csproj", "{B1F9544C-D295-4F1F-94A5-1705DED55791}"
EndProject
Project("{FAE04EC0-301F-11D3-BF4B-00C04F79EFBC}") = "OuterWorlds.Domain.Tests", "Domain.Tests\OuterWorlds.Domain.Tests.csproj", "{10C00F66-CBF3-4780-883D-FE95DEFAFA00}"
EndProject
Project("{FAE04EC0-301F-11D3-BF4B-00C04F79EFBC}") = "OuterWorlds.Infrastructure.Data.Database", "Database\OuterWorlds.Infrastructure.Data.Database.csproj", "{FB788CAA-4064-4118-8061-E32FD2805939}"
EndProject
Global
	GlobalSection(SolutionConfigurationPlatforms) = preSolution
		Debug|Any CPU = Debug|Any CPU
		Release|Any CPU = Release|Any CPU
	EndGlobalSection
	GlobalSection(ProjectConfigurationPlatforms) = postSolution
		{1F983F1E-B749-4A3E-B950-76152254DB83}.Debug|Any CPU.ActiveCfg = Debug|Any CPU
		{1F983F1E-B749-4A3E-B950-76152254DB83}.Debug|Any CPU.Build.0 = Debug|Any CPU
		{1F983F1E-B749-4A3E-B950-76152254DB83}.Release|Any CPU.ActiveCfg = Release|Any CPU
		{1F983F1E-B749-4A3E-B950-76152254DB83}.Release|Any CPU.Build.0 = Release|Any CPU
		{FE1379FA-2823-417F-AD73-81F30E48D2FD}.Debug|Any CPU.ActiveCfg = Debug|Any CPU
		{FE1379FA-2823-417F-AD73-81F30E48D2FD}.Debug|Any CPU.Build.0 = Debug|Any CPU
		{FE1379FA-2823-417F-AD73-81F30E48D2FD}.Release|Any CPU.ActiveCfg = Release|Any CPU
		{FE1379FA-2823-417F-AD73-81F30E48D2FD}.Release|Any CPU.Build.0 = Release|Any CPU
		{F51E59ED-F563-48ED-83C6-6DD02A001514}.Debug|Any CPU.ActiveCfg = Debug|Any CPU
		{F51E59ED-F563-48ED-83C6-6DD02A001514}.Debug|Any CPU.Build.0 = Debug|Any CPU
		{F51E59ED-F563-48ED-83C6-6DD02A001514}.Release|Any CPU.ActiveCfg = Release|Any CPU
		{F51E59ED-F563-48ED-83C6-6DD02A001514}.Release|Any CPU.Build.0 = Release|Any CPU
		{70EE6CC0-4C64-46D0-96D1-3D8646C5A6DD}.Debug|Any CPU.ActiveCfg = Debug|Any CPU
		{70EE6CC0-4C64-46D0-96D1-3D8646C5A6DD}.Debug|Any CPU.Build.0 = Debug|Any CPU
		{70EE6CC0-4C64-46D0-96D1-3D8646C5A6DD}.Release|Any CPU.ActiveCfg = Release|Any CPU
		{70EE6CC0-4C64-46D0-96D1-3D8646C5A6DD}.Release|Any CPU.Build.0 = Release|Any CPU
		{B0D68915-5790-4500-BFFF-228B55EE8AAE}.Debug|Any CPU.ActiveCfg = Debug|Any CPU
		{B0D68915-5790-4500-BFFF-228B55EE8AAE}.Debug|Any CPU.Build.0 = Debug|Any CPU
		{B0D68915-5790-4500-BFFF-228B55EE8AAE}.Release|Any CPU.ActiveCfg = Release|Any CPU
		{B0D68915-5790-4500-BFFF-228B55EE8AAE}.Release|Any CPU.Build.0 = Release|Any CPU
		{50E0D438-F479-4FE9-9B0C-603228823D92}.Debug|Any CPU.ActiveCfg = Debug|Any CPU
		{50E0D438-F479-4FE9-9B0C-603228823D92}.Debug|Any CPU.Build.0 = Debug|Any CPU
		{50E0D438-F479-4FE9-9B0C-603228823D92}.Release|Any CPU.ActiveCfg = Release|Any CPU
		{50E0D438-F479-4FE9-9B0C-603228823D92}.Release|Any CPU.Build.0 = Release|Any CPU
		{B1F9544C-D295-4F1F-94A5-1705DED55791}.Debug|Any CPU.ActiveCfg = Debug|Any CPU
		{B1F9544C-D295-4F1F-94A5-1705DED55791}.Debug|Any CPU.Build.0 = Debug|Any CPU
		{B1F9544C-D295-4F1F-94A5-1705DED55791}.Release|Any CPU.ActiveCfg = Release|Any CPU
		{B1F9544C-D295-4F1F-94A5-1705DED55791}.Release|Any CPU.Build.0 = Release|Any CPU
		{10C00F66-CBF3-4780-883D-FE95DEFAFA00}.Debug|Any CPU.ActiveCfg = Debug|Any CPU
		{10C00F66-CBF3-4780-883D-FE95DEFAFA00}.Debug|Any CPU.Build.0 = Debug|Any CPU
		{10C00F66-CBF3-4780-883D-FE95DEFAFA00}.Release|Any CPU.ActiveCfg = Release|Any CPU
		{10C00F66-CBF3-4780-883D-FE95DEFAFA00}.Release|Any CPU.Build.0 = Release|Any CPU
		{FB788CAA-4064-4118-8061-E32FD2805939}.Debug|Any CPU.ActiveCfg = Debug|Any CPU
		{FB788CAA-4064-4118-8061-E32FD2805939}.Debug|Any CPU.Build.0 = Debug|Any CPU
		{FB788CAA-4064-4118-8061-E32FD2805939}.Release|Any CPU.ActiveCfg = Release|Any CPU
		{FB788CAA-4064-4118-8061-E32FD2805939}.Release|Any CPU.Build.0 = Release|Any CPU
	EndGlobalSection
	GlobalSection(SolutionProperties) = preSolution
		HideSolutionNode = FALSE
	EndGlobalSection
	GlobalSection(NestedProjects) = preSolution
		{1F983F1E-B749-4A3E-B950-76152254DB83} = {2816FFFC-612F-4D25-93EA-1B13D25FD5F0}
		{FE1379FA-2823-417F-AD73-81F30E48D2FD} = {F94EF2E8-47B3-4897-B043-78E4B19369D6}
		{F51E59ED-F563-48ED-83C6-6DD02A001514} = {98DFE6E6-F87C-427B-A350-FB51D37A53F5}
		{70EE6CC0-4C64-46D0-96D1-3D8646C5A6DD} = {98DFE6E6-F87C-427B-A350-FB51D37A53F5}
		{B0D68915-5790-4500-BFFF-228B55EE8AAE} = {44482DFB-B832-45AE-AFC9-7AAD7AC44B00}
		{50E0D438-F479-4FE9-9B0C-603228823D92} = {44482DFB-B832-45AE-AFC9-7AAD7AC44B00}
		{B1F9544C-D295-4F1F-94A5-1705DED55791} = {13603ED5-44C8-427C-ADF7-589759B4CB53}
		{10C00F66-CBF3-4780-883D-FE95DEFAFA00} = {13603ED5-44C8-427C-ADF7-589759B4CB53}
		{FB788CAA-4064-4118-8061-E32FD2805939} = {98DFE6E6-F87C-427B-A350-FB51D37A53F5}
	EndGlobalSection
	GlobalSection(ExtensibilityGlobals) = postSolution
		SolutionGuid = {FAC39B39-17D7-45F2-9950-B65C95502C08}
	EndGlobalSection
EndGlobal
